
Microsoft Visual Studio Solution File, Format Version 12.00
# Visual Studio Version 17
VisualStudioVersion = 17.1.32421.90
MinimumVisualStudioVersion = 10.0.40219.1
Project("{FAE04EC0-301F-11D3-BF4B-00C04F79EFBC}") = "TestBaseDatos", "TestBaseDatos\TestBaseDatos.csproj", "{F8934D96-4EC6-4206-BB5E-E4F796951284}"
EndProject
Global
	GlobalSection(SolutionConfigurationPlatforms) = preSolution
		Debug|Any CPU = Debug|Any CPU
		Release|Any CPU = Release|Any CPU
	EndGlobalSection
	GlobalSection(ProjectConfigurationPlatforms) = postSolution
		{F8934D96-4EC6-4206-BB5E-E4F796951284}.Debug|Any CPU.ActiveCfg = Debug|Any CPU
		{F8934D96-4EC6-4206-BB5E-E4F796951284}.Debug|Any CPU.Build.0 = Debug|Any CPU
		{F8934D96-4EC6-4206-BB5E-E4F796951284}.Release|Any CPU.ActiveCfg = Release|Any CPU
		{F8934D96-4EC6-4206-BB5E-E4F796951284}.Release|Any CPU.Build.0 = Release|Any CPU
	EndGlobalSection
	GlobalSection(SolutionProperties) = preSolution
		HideSolutionNode = FALSE
	EndGlobalSection
	GlobalSection(ExtensibilityGlobals) = postSolution
		SolutionGuid = {588B5DE8-624B-4705-9F20-13133F33EF09}
	EndGlobalSection
EndGlobal
